# THIS IS AN AUTOGENERATED FILE. DO NOT EDIT THIS FILE DIRECTLY.
# yarn lockfile v1


"@types/node@^16.7.13":
  version "16.11.26"
  resolved "https://registry.npmjs.org/@types/node/-/node-16.11.26.tgz"
  integrity sha512-GZ7bu5A6+4DtG7q9GsoHXy3ALcgeIHP4NnL0Vv2wu0uUB/yQex26v0tf6/na1mm0+bS9Uw+0DFex7aaKr2qawQ==

react-native-sse@^1.1.0:
  version "1.1.0"
  resolved "https://registry.yarnpkg.com/react-native-sse/-/react-native-sse-1.1.0.tgz#28c419f58a49d32f7f625f5862c467b3d7ac3598"
  integrity sha512-qPhZwuVg7ry0Cw8Q2+0VH90on223obZcfB5a/2ktoD3951zWx7HXAtrqQtDfLGjv7ncSJoswd+efn2k0uoR5lw==

typescript@^4.9.3:
  version "4.9.3"
  resolved "https://registry.yarnpkg.com/typescript/-/typescript-4.9.3.tgz#3aea307c1746b8c384435d8ac36b8a2e580d85db"
  integrity sha512-CIfGzTelbKNEnLpLdGFgdyKhG23CKdKgQPOBc+OUNrkJ2vr+KSzsSV5kq5iWhEQbok+quxgGzrAtGWCyU7tHnA==
